
Microsoft Visual Studio Solution File, Format Version 12.00
# Visual Studio Version 17
VisualStudioVersion = 17.1.32421.90
MinimumVisualStudioVersion = 10.0.40219.1
Project("{FAE04EC0-301F-11D3-BF4B-00C04F79EFBC}") = "Devsu", "Devsu\Devsu.csproj", "{B0F85ED4-799F-4C79-A6F7-9EABE2159BB8}"
EndProject
Global
	GlobalSection(SolutionConfigurationPlatforms) = preSolution
		Debug|Any CPU = Debug|Any CPU
		Release|Any CPU = Release|Any CPU
	EndGlobalSection
	GlobalSection(ProjectConfigurationPlatforms) = postSolution
		{B0F85ED4-799F-4C79-A6F7-9EABE2159BB8}.Debug|Any CPU.ActiveCfg = Debug|Any CPU
		{B0F85ED4-799F-4C79-A6F7-9EABE2159BB8}.Debug|Any CPU.Build.0 = Debug|Any CPU
		{B0F85ED4-799F-4C79-A6F7-9EABE2159BB8}.Release|Any CPU.ActiveCfg = Release|Any CPU
		{B0F85ED4-799F-4C79-A6F7-9EABE2159BB8}.Release|Any CPU.Build.0 = Release|Any CPU
	EndGlobalSection
	GlobalSection(SolutionProperties) = preSolution
		HideSolutionNode = FALSE
	EndGlobalSection
	GlobalSection(ExtensibilityGlobals) = postSolution
		SolutionGuid = {C2F278E8-85D1-48D2-BEED-44408BCF5D6C}
	EndGlobalSection
EndGlobal
